
Microsoft Visual Studio Solution File, Format Version 12.00
# Visual Studio 15
VisualStudioVersion = 15.0.27703.2042
MinimumVisualStudioVersion = 10.0.40219.1
Project("{9A19103F-16F7-4668-BE54-9A1E7A4F7556}") = "AspNetCoreTodo.UnitTests", "AspNetCoreTodo.UnitTests.csproj", "{7595B92A-3B31-4FBA-9620-02190840DC5D}"
EndProject
Project("{9A19103F-16F7-4668-BE54-9A1E7A4F7556}") = "AspNetCoreTodo", "..\AspNetCoreTodo\AspNetCoreTodo.csproj", "{0F305B93-9369-4AA1-8D3C-75D156574F83}"
EndProject
Global
	GlobalSection(SolutionConfigurationPlatforms) = preSolution
		Debug|Any CPU = Debug|Any CPU
		Release|Any CPU = Release|Any CPU
	EndGlobalSection
	GlobalSection(ProjectConfigurationPlatforms) = postSolution
		{7595B92A-3B31-4FBA-9620-02190840DC5D}.Debug|Any CPU.ActiveCfg = Debug|Any CPU
		{7595B92A-3B31-4FBA-9620-02190840DC5D}.Debug|Any CPU.Build.0 = Debug|Any CPU
		{7595B92A-3B31-4FBA-9620-02190840DC5D}.Release|Any CPU.ActiveCfg = Release|Any CPU
		{7595B92A-3B31-4FBA-9620-02190840DC5D}.Release|Any CPU.Build.0 = Release|Any CPU
		{0F305B93-9369-4AA1-8D3C-75D156574F83}.Debug|Any CPU.ActiveCfg = Debug|Any CPU
		{0F305B93-9369-4AA1-8D3C-75D156574F83}.Debug|Any CPU.Build.0 = Debug|Any CPU
		{0F305B93-9369-4AA1-8D3C-75D156574F83}.Release|Any CPU.ActiveCfg = Release|Any CPU
		{0F305B93-9369-4AA1-8D3C-75D156574F83}.Release|Any CPU.Build.0 = Release|Any CPU
	EndGlobalSection
	GlobalSection(SolutionProperties) = preSolution
		HideSolutionNode = FALSE
	EndGlobalSection
	GlobalSection(ExtensibilityGlobals) = postSolution
		SolutionGuid = {D4104DCA-BA8C-406C-8F4B-4D3F96E3BCED}
	EndGlobalSection
EndGlobal
